// !$*UTF8*$!
{
	archiveVersion = 1;
	classes = {
	};
	objectVersion = 51;
	objects = {

/* Begin PBXBuildFile section */
		AA3D296F25277F240083FD54 /* AppDelegate.swift in Sources */ = {isa = PBXBuildFile; fileRef = AA3D296E25277F240083FD54 /* AppDelegate.swift */; };
		AA3D297125277F240083FD54 /* SceneDelegate.swift in Sources */ = {isa = PBXBuildFile; fileRef = AA3D297025277F240083FD54 /* SceneDelegate.swift */; };
		AA3D297625277F240083FD54 /* Main.storyboard in Resources */ = {isa = PBXBuildFile; fileRef = AA3D297425277F240083FD54 /* Main.storyboard */; };
		AA3D297925277F240083FD54 /* TheBest_iOS_Restaurant.xcdatamodeld in Sources */ = {isa = PBXBuildFile; fileRef = AA3D297725277F240083FD54 /* TheBest_iOS_Restaurant.xcdatamodeld */; };
		AA3D297B25277F250083FD54 /* Assets.xcassets in Resources */ = {isa = PBXBuildFile; fileRef = AA3D297A25277F250083FD54 /* Assets.xcassets */; };
		AA3D297E25277F250083FD54 /* LaunchScreen.storyboard in Resources */ = {isa = PBXBuildFile; fileRef = AA3D297C25277F250083FD54 /* LaunchScreen.storyboard */; };
		AA3D298D2527805F0083FD54 /* Drawer.swift in Sources */ = {isa = PBXBuildFile; fileRef = AA3D29872527805B0083FD54 /* Drawer.swift */; };
		AA3D298E2527805F0083FD54 /* Alert.swift in Sources */ = {isa = PBXBuildFile; fileRef = AA3D29882527805C0083FD54 /* Alert.swift */; };
		AA3D298F2527805F0083FD54 /* Images.swift in Sources */ = {isa = PBXBuildFile; fileRef = AA3D29892527805D0083FD54 /* Images.swift */; };
		AA3D29902527805F0083FD54 /* CustomViews.swift in Sources */ = {isa = PBXBuildFile; fileRef = AA3D298A2527805D0083FD54 /* CustomViews.swift */; };
		AA3D29912527805F0083FD54 /* SetupPicker.swift in Sources */ = {isa = PBXBuildFile; fileRef = AA3D298B2527805E0083FD54 /* SetupPicker.swift */; };
		AA3D29922527805F0083FD54 /* Gradient.swift in Sources */ = {isa = PBXBuildFile; fileRef = AA3D298C2527805E0083FD54 /* Gradient.swift */; };
		AA3D299E252780950083FD54 /* Lato-ThinItalic.ttf in Resources */ = {isa = PBXBuildFile; fileRef = AA3D2994252780900083FD54 /* Lato-ThinItalic.ttf */; };
		AA3D299F252780950083FD54 /* Lato-BlackItalic.ttf in Resources */ = {isa = PBXBuildFile; fileRef = AA3D2995252780900083FD54 /* Lato-BlackItalic.ttf */; };
		AA3D29A0252780950083FD54 /* Lato-Regular.ttf in Resources */ = {isa = PBXBuildFile; fileRef = AA3D2996252780910083FD54 /* Lato-Regular.ttf */; };
		AA3D29A1252780950083FD54 /* Lato-Black.ttf in Resources */ = {isa = PBXBuildFile; fileRef = AA3D2997252780910083FD54 /* Lato-Black.ttf */; };
		AA3D29A2252780950083FD54 /* Lato-BoldItalic.ttf in Resources */ = {isa = PBXBuildFile; fileRef = AA3D2998252780920083FD54 /* Lato-BoldItalic.ttf */; };
		AA3D29A3252780950083FD54 /* Lato-Light.ttf in Resources */ = {isa = PBXBuildFile; fileRef = AA3D2999252780920083FD54 /* Lato-Light.ttf */; };
		AA3D29A4252780950083FD54 /* Lato-Bold.ttf in Resources */ = {isa = PBXBuildFile; fileRef = AA3D299A252780930083FD54 /* Lato-Bold.ttf */; };
		AA3D29A5252780950083FD54 /* Lato-LightItalic.ttf in Resources */ = {isa = PBXBuildFile; fileRef = AA3D299B252780940083FD54 /* Lato-LightItalic.ttf */; };
		AA3D29A6252780950083FD54 /* Lato-Thin.ttf in Resources */ = {isa = PBXBuildFile; fileRef = AA3D299C252780940083FD54 /* Lato-Thin.ttf */; };
		AA3D29A7252780950083FD54 /* Lato-Italic.ttf in Resources */ = {isa = PBXBuildFile; fileRef = AA3D299D252780950083FD54 /* Lato-Italic.ttf */; };
		AA3D29AB252782540083FD54 /* GoogleService-Info.plist in Resources */ = {isa = PBXBuildFile; fileRef = AA3D29AA252782540083FD54 /* GoogleService-Info.plist */; };
		AA4515C9253F692D00414B3F /* CategoriesVC+MainViewDelegate.swift in Sources */ = {isa = PBXBuildFile; fileRef = AA4515C8253F692D00414B3F /* CategoriesVC+MainViewDelegate.swift */; };
		AA607152253F656300ABFA1B /* CategoriesVC+UITableViewDelegate.swift in Sources */ = {isa = PBXBuildFile; fileRef = AA607151253F656300ABFA1B /* CategoriesVC+UITableViewDelegate.swift */; };
		AA607156253F669000ABFA1B /* ItemTableViewCell.swift in Sources */ = {isa = PBXBuildFile; fileRef = AA607154253F669000ABFA1B /* ItemTableViewCell.swift */; };
		AA607157253F669000ABFA1B /* ItemTableViewCell.xib in Resources */ = {isa = PBXBuildFile; fileRef = AA607155253F669000ABFA1B /* ItemTableViewCell.xib */; };
		AAB14A9C253F5E9800B562F9 /* CategoriesVC.swift in Sources */ = {isa = PBXBuildFile; fileRef = AAB14A9B253F5E9800B562F9 /* CategoriesVC.swift */; };
		AAB14A9F253F5EF800B562F9 /* MainPresenter.swift in Sources */ = {isa = PBXBuildFile; fileRef = AAB14A9E253F5EF800B562F9 /* MainPresenter.swift */; };
		AABC77AD252B35FF00F1B896 /* Option.swift in Sources */ = {isa = PBXBuildFile; fileRef = AABC77AC252B35FF00F1B896 /* Option.swift */; };
		AABC77B3252B361400F1B896 /* ChooseCollectionViewCell.swift in Sources */ = {isa = PBXBuildFile; fileRef = AABC77AE252B361300F1B896 /* ChooseCollectionViewCell.swift */; };
		AABC77B4252B361400F1B896 /* ChooseCollectionViewCell.xib in Resources */ = {isa = PBXBuildFile; fileRef = AABC77AF252B361300F1B896 /* ChooseCollectionViewCell.xib */; };
		AABC77B5252B361400F1B896 /* LoginVC.swift in Sources */ = {isa = PBXBuildFile; fileRef = AABC77B0252B361300F1B896 /* LoginVC.swift */; };
		AABC77B6252B361400F1B896 /* DrawerVC.swift in Sources */ = {isa = PBXBuildFile; fileRef = AABC77B1252B361300F1B896 /* DrawerVC.swift */; };
		AABC77B7252B361400F1B896 /* SignUpVC.swift in Sources */ = {isa = PBXBuildFile; fileRef = AABC77B2252B361400F1B896 /* SignUpVC.swift */; };
		AABC77B9252B362300F1B896 /* HomeVC.swift in Sources */ = {isa = PBXBuildFile; fileRef = AABC77B8252B362300F1B896 /* HomeVC.swift */; };
		AABC77BB252B3B2B00F1B896 /* TextFields.swift in Sources */ = {isa = PBXBuildFile; fileRef = AABC77BA252B3B2B00F1B896 /* TextFields.swift */; };
		AABC77BD252B3B4B00F1B896 /* Router.swift in Sources */ = {isa = PBXBuildFile; fileRef = AABC77BC252B3B4B00F1B896 /* Router.swift */; };
		AABC77BF252B40E700F1B896 /* Drawer.storyboard in Resources */ = {isa = PBXBuildFile; fileRef = AABC77BE252B40E700F1B896 /* Drawer.storyboard */; };
		AAC1DD2D253B3EE1003D0E6B /* APIs.swift in Sources */ = {isa = PBXBuildFile; fileRef = AAC1DD2C253B3EE1003D0E6B /* APIs.swift */; };
		AAC1DD2F253B4206003D0E6B /* LoginResponse.swift in Sources */ = {isa = PBXBuildFile; fileRef = AAC1DD2E253B4206003D0E6B /* LoginResponse.swift */; };
		AAC1DD32253B42F4003D0E6B /* AuthServices.swift in Sources */ = {isa = PBXBuildFile; fileRef = AAC1DD31253B42F4003D0E6B /* AuthServices.swift */; };
		AAC1DD34253B4E48003D0E6B /* RestaurantsInfo.swift in Sources */ = {isa = PBXBuildFile; fileRef = AAC1DD33253B4E48003D0E6B /* RestaurantsInfo.swift */; };
		AAC1DD36253B4EF9003D0E6B /* SharedData.swift in Sources */ = {isa = PBXBuildFile; fileRef = AAC1DD35253B4EF9003D0E6B /* SharedData.swift */; };
		AAC1DD38253B521C003D0E6B /* AuthPresenter.swift in Sources */ = {isa = PBXBuildFile; fileRef = AAC1DD37253B521C003D0E6B /* AuthPresenter.swift */; };
		AAC1DD3B253B558A003D0E6B /* OrdersServices.swift in Sources */ = {isa = PBXBuildFile; fileRef = AAC1DD3A253B558A003D0E6B /* OrdersServices.swift */; };
		AAC1DD3E253B56FF003D0E6B /* OldOrders.swift in Sources */ = {isa = PBXBuildFile; fileRef = AAC1DD3D253B56FF003D0E6B /* OldOrders.swift */; };
		AAC1DD41253B594C003D0E6B /* OrdersPresenter.swift in Sources */ = {isa = PBXBuildFile; fileRef = AAC1DD40253B594C003D0E6B /* OrdersPresenter.swift */; };
		AAC1DD45253B5DA4003D0E6B /* APIServices.swift in Sources */ = {isa = PBXBuildFile; fileRef = AAC1DD44253B5DA4003D0E6B /* APIServices.swift */; };
		AAC1DD48253B5DE5003D0E6B /* MyMenusResponse.swift in Sources */ = {isa = PBXBuildFile; fileRef = AAC1DD47253B5DE5003D0E6B /* MyMenusResponse.swift */; };
		AAC1DD4A253B5EFF003D0E6B /* MyPlace.swift in Sources */ = {isa = PBXBuildFile; fileRef = AAC1DD49253B5EFE003D0E6B /* MyPlace.swift */; };
		AAC1DD4C253B6039003D0E6B /* RestaurantMenuItemsResponse.swift in Sources */ = {isa = PBXBuildFile; fileRef = AAC1DD4B253B6039003D0E6B /* RestaurantMenuItemsResponse.swift */; };
		AAC1DD4E253B6215003D0E6B /* ReportsResponse.swift in Sources */ = {isa = PBXBuildFile; fileRef = AAC1DD4D253B6215003D0E6B /* ReportsResponse.swift */; };
		AAC1DD50253B6713003D0E6B /* Product.swift in Sources */ = {isa = PBXBuildFile; fileRef = AAC1DD4F253B6713003D0E6B /* Product.swift */; };
		AAE10262252CE7A40094AC55 /* OrdersVC.swift in Sources */ = {isa = PBXBuildFile; fileRef = AAE10261252CE7A40094AC55 /* OrdersVC.swift */; };
		AAE10266252CE8010094AC55 /* OrdersTableViewCell.swift in Sources */ = {isa = PBXBuildFile; fileRef = AAE10264252CE8010094AC55 /* OrdersTableViewCell.swift */; };
		AAE10267252CE8010094AC55 /* OrdersTableViewCell.xib in Resources */ = {isa = PBXBuildFile; fileRef = AAE10265252CE8010094AC55 /* OrdersTableViewCell.xib */; };
		AAE10269252CEB890094AC55 /* OrdersVC+TableViewDelegate.swift in Sources */ = {isa = PBXBuildFile; fileRef = AAE10268252CEB890094AC55 /* OrdersVC+TableViewDelegate.swift */; };
		AAE1026E252D06370094AC55 /* OrdersItemsTableViewCell.swift in Sources */ = {isa = PBXBuildFile; fileRef = AAE1026C252D06370094AC55 /* OrdersItemsTableViewCell.swift */; };
		AAE1026F252D06370094AC55 /* OrdersItemsTableViewCell.xib in Resources */ = {isa = PBXBuildFile; fileRef = AAE1026D252D06370094AC55 /* OrdersItemsTableViewCell.xib */; };
		EBD534F567DD7047A66545D5 /* Pods_TheBest_iOS_Restaurant.framework in Frameworks */ = {isa = PBXBuildFile; fileRef = 4C226ADF93A91387172A80A7 /* Pods_TheBest_iOS_Restaurant.framework */; };
/* End PBXBuildFile section */

/* Begin PBXFileReference section */
		4C226ADF93A91387172A80A7 /* Pods_TheBest_iOS_Restaurant.framework */ = {isa = PBXFileReference; explicitFileType = wrapper.framework; includeInIndex = 0; path = Pods_TheBest_iOS_Restaurant.framework; sourceTree = BUILT_PRODUCTS_DIR; };
		AA3D296B25277F240083FD54 /* TheBest-iOS-Restaurant.app */ = {isa = PBXFileReference; explicitFileType = wrapper.application; includeInIndex = 0; path = "TheBest-iOS-Restaurant.app"; sourceTree = BUILT_PRODUCTS_DIR; };
		AA3D296E25277F240083FD54 /* AppDelegate.swift */ = {isa = PBXFileReference; lastKnownFileType = sourcecode.swift; path = AppDelegate.swift; sourceTree = "<group>"; };
		AA3D297025277F240083FD54 /* SceneDelegate.swift */ = {isa = PBXFileReference; lastKnownFileType = sourcecode.swift; path = SceneDelegate.swift; sourceTree = "<group>"; };
		AA3D297525277F240083FD54 /* Base */ = {isa = PBXFileReference; lastKnownFileType = file.storyboard; name = Base; path = Base.lproj/Main.storyboard; sourceTree = "<group>"; };
		AA3D297825277F240083FD54 /* TheBest_iOS_Restaurant.xcdatamodel */ = {isa = PBXFileReference; lastKnownFileType = wrapper.xcdatamodel; path = TheBest_iOS_Restaurant.xcdatamodel; sourceTree = "<group>"; };
		AA3D297A25277F250083FD54 /* Assets.xcassets */ = {isa = PBXFileReference; lastKnownFileType = folder.assetcatalog; path = Assets.xcassets; sourceTree = "<group>"; };
		AA3D297D25277F250083FD54 /* Base */ = {isa = PBXFileReference; lastKnownFileType = file.storyboard; name = Base; path = Base.lproj/LaunchScreen.storyboard; sourceTree = "<group>"; };
		AA3D297F25277F250083FD54 /* Info.plist */ = {isa = PBXFileReference; lastKnownFileType = text.plist.xml; path = Info.plist; sourceTree = "<group>"; };
		AA3D29872527805B0083FD54 /* Drawer.swift */ = {isa = PBXFileReference; fileEncoding = 4; lastKnownFileType = sourcecode.swift; path = Drawer.swift; sourceTree = "<group>"; };
		AA3D29882527805C0083FD54 /* Alert.swift */ = {isa = PBXFileReference; fileEncoding = 4; lastKnownFileType = sourcecode.swift; path = Alert.swift; sourceTree = "<group>"; };
		AA3D29892527805D0083FD54 /* Images.swift */ = {isa = PBXFileReference; fileEncoding = 4; lastKnownFileType = sourcecode.swift; path = Images.swift; sourceTree = "<group>"; };
		AA3D298A2527805D0083FD54 /* CustomViews.swift */ = {isa = PBXFileReference; fileEncoding = 4; lastKnownFileType = sourcecode.swift; path = CustomViews.swift; sourceTree = "<group>"; };
		AA3D298B2527805E0083FD54 /* SetupPicker.swift */ = {isa = PBXFileReference; fileEncoding = 4; lastKnownFileType = sourcecode.swift; path = SetupPicker.swift; sourceTree = "<group>"; };
		AA3D298C2527805E0083FD54 /* Gradient.swift */ = {isa = PBXFileReference; fileEncoding = 4; lastKnownFileType = sourcecode.swift; path = Gradient.swift; sourceTree = "<group>"; };
		AA3D2994252780900083FD54 /* Lato-ThinItalic.ttf */ = {isa = PBXFileReference; lastKnownFileType = file; path = "Lato-ThinItalic.ttf"; sourceTree = "<group>"; };
		AA3D2995252780900083FD54 /* Lato-BlackItalic.ttf */ = {isa = PBXFileReference; lastKnownFileType = file; path = "Lato-BlackItalic.ttf"; sourceTree = "<group>"; };
		AA3D2996252780910083FD54 /* Lato-Regular.ttf */ = {isa = PBXFileReference; lastKnownFileType = file; path = "Lato-Regular.ttf"; sourceTree = "<group>"; };
		AA3D2997252780910083FD54 /* Lato-Black.ttf */ = {isa = PBXFileReference; lastKnownFileType = file; path = "Lato-Black.ttf"; sourceTree = "<group>"; };
		AA3D2998252780920083FD54 /* Lato-BoldItalic.ttf */ = {isa = PBXFileReference; lastKnownFileType = file; path = "Lato-BoldItalic.ttf"; sourceTree = "<group>"; };
		AA3D2999252780920083FD54 /* Lato-Light.ttf */ = {isa = PBXFileReference; lastKnownFileType = file; path = "Lato-Light.ttf"; sourceTree = "<group>"; };
		AA3D299A252780930083FD54 /* Lato-Bold.ttf */ = {isa = PBXFileReference; lastKnownFileType = file; path = "Lato-Bold.ttf"; sourceTree = "<group>"; };
		AA3D299B252780940083FD54 /* Lato-LightItalic.ttf */ = {isa = PBXFileReference; lastKnownFileType = file; path = "Lato-LightItalic.ttf"; sourceTree = "<group>"; };
		AA3D299C252780940083FD54 /* Lato-Thin.ttf */ = {isa = PBXFileReference; lastKnownFileType = file; path = "Lato-Thin.ttf"; sourceTree = "<group>"; };
		AA3D299D252780950083FD54 /* Lato-Italic.ttf */ = {isa = PBXFileReference; lastKnownFileType = file; path = "Lato-Italic.ttf"; sourceTree = "<group>"; };
		AA3D29AA252782540083FD54 /* GoogleService-Info.plist */ = {isa = PBXFileReference; fileEncoding = 4; lastKnownFileType = text.plist.xml; path = "GoogleService-Info.plist"; sourceTree = "<group>"; };
		AA4515C8253F692D00414B3F /* CategoriesVC+MainViewDelegate.swift */ = {isa = PBXFileReference; lastKnownFileType = sourcecode.swift; path = "CategoriesVC+MainViewDelegate.swift"; sourceTree = "<group>"; };
		AA607151253F656300ABFA1B /* CategoriesVC+UITableViewDelegate.swift */ = {isa = PBXFileReference; lastKnownFileType = sourcecode.swift; path = "CategoriesVC+UITableViewDelegate.swift"; sourceTree = "<group>"; };
		AA607154253F669000ABFA1B /* ItemTableViewCell.swift */ = {isa = PBXFileReference; lastKnownFileType = sourcecode.swift; path = ItemTableViewCell.swift; sourceTree = "<group>"; };
		AA607155253F669000ABFA1B /* ItemTableViewCell.xib */ = {isa = PBXFileReference; lastKnownFileType = file.xib; path = ItemTableViewCell.xib; sourceTree = "<group>"; };
		AAB14A9B253F5E9800B562F9 /* CategoriesVC.swift */ = {isa = PBXFileReference; lastKnownFileType = sourcecode.swift; path = CategoriesVC.swift; sourceTree = "<group>"; };
		AAB14A9E253F5EF800B562F9 /* MainPresenter.swift */ = {isa = PBXFileReference; lastKnownFileType = sourcecode.swift; path = MainPresenter.swift; sourceTree = "<group>"; };
		AABC77AC252B35FF00F1B896 /* Option.swift */ = {isa = PBXFileReference; fileEncoding = 4; lastKnownFileType = sourcecode.swift; path = Option.swift; sourceTree = "<group>"; };
		AABC77AE252B361300F1B896 /* ChooseCollectionViewCell.swift */ = {isa = PBXFileReference; fileEncoding = 4; lastKnownFileType = sourcecode.swift; path = ChooseCollectionViewCell.swift; sourceTree = "<group>"; };
		AABC77AF252B361300F1B896 /* ChooseCollectionViewCell.xib */ = {isa = PBXFileReference; fileEncoding = 4; lastKnownFileType = file.xib; path = ChooseCollectionViewCell.xib; sourceTree = "<group>"; };
		AABC77B0252B361300F1B896 /* LoginVC.swift */ = {isa = PBXFileReference; fileEncoding = 4; lastKnownFileType = sourcecode.swift; path = LoginVC.swift; sourceTree = "<group>"; };
		AABC77B1252B361300F1B896 /* DrawerVC.swift */ = {isa = PBXFileReference; fileEncoding = 4; lastKnownFileType = sourcecode.swift; path = DrawerVC.swift; sourceTree = "<group>"; };
		AABC77B2252B361400F1B896 /* SignUpVC.swift */ = {isa = PBXFileReference; fileEncoding = 4; lastKnownFileType = sourcecode.swift; path = SignUpVC.swift; sourceTree = "<group>"; };
		AABC77B8252B362300F1B896 /* HomeVC.swift */ = {isa = PBXFileReference; fileEncoding = 4; lastKnownFileType = sourcecode.swift; path = HomeVC.swift; sourceTree = "<group>"; };
		AABC77BA252B3B2B00F1B896 /* TextFields.swift */ = {isa = PBXFileReference; fileEncoding = 4; lastKnownFileType = sourcecode.swift; path = TextFields.swift; sourceTree = "<group>"; };
		AABC77BC252B3B4B00F1B896 /* Router.swift */ = {isa = PBXFileReference; fileEncoding = 4; lastKnownFileType = sourcecode.swift; path = Router.swift; sourceTree = "<group>"; };
		AABC77BE252B40E700F1B896 /* Drawer.storyboard */ = {isa = PBXFileReference; fileEncoding = 4; lastKnownFileType = file.storyboard; path = Drawer.storyboard; sourceTree = "<group>"; };
		AAC1DD2C253B3EE1003D0E6B /* APIs.swift */ = {isa = PBXFileReference; lastKnownFileType = sourcecode.swift; path = APIs.swift; sourceTree = "<group>"; };
		AAC1DD2E253B4206003D0E6B /* LoginResponse.swift */ = {isa = PBXFileReference; lastKnownFileType = sourcecode.swift; path = LoginResponse.swift; sourceTree = "<group>"; };
		AAC1DD31253B42F4003D0E6B /* AuthServices.swift */ = {isa = PBXFileReference; lastKnownFileType = sourcecode.swift; path = AuthServices.swift; sourceTree = "<group>"; };
		AAC1DD33253B4E48003D0E6B /* RestaurantsInfo.swift */ = {isa = PBXFileReference; lastKnownFileType = sourcecode.swift; path = RestaurantsInfo.swift; sourceTree = "<group>"; };
		AAC1DD35253B4EF9003D0E6B /* SharedData.swift */ = {isa = PBXFileReference; lastKnownFileType = sourcecode.swift; path = SharedData.swift; sourceTree = "<group>"; };
		AAC1DD37253B521C003D0E6B /* AuthPresenter.swift */ = {isa = PBXFileReference; lastKnownFileType = sourcecode.swift; path = AuthPresenter.swift; sourceTree = "<group>"; };
		AAC1DD3A253B558A003D0E6B /* OrdersServices.swift */ = {isa = PBXFileReference; lastKnownFileType = sourcecode.swift; path = OrdersServices.swift; sourceTree = "<group>"; };
		AAC1DD3D253B56FF003D0E6B /* OldOrders.swift */ = {isa = PBXFileReference; lastKnownFileType = sourcecode.swift; path = OldOrders.swift; sourceTree = "<group>"; };
		AAC1DD40253B594C003D0E6B /* OrdersPresenter.swift */ = {isa = PBXFileReference; lastKnownFileType = sourcecode.swift; path = OrdersPresenter.swift; sourceTree = "<group>"; };
		AAC1DD44253B5DA4003D0E6B /* APIServices.swift */ = {isa = PBXFileReference; lastKnownFileType = sourcecode.swift; path = APIServices.swift; sourceTree = "<group>"; };
		AAC1DD47253B5DE5003D0E6B /* MyMenusResponse.swift */ = {isa = PBXFileReference; lastKnownFileType = sourcecode.swift; path = MyMenusResponse.swift; sourceTree = "<group>"; };
		AAC1DD49253B5EFE003D0E6B /* MyPlace.swift */ = {isa = PBXFileReference; lastKnownFileType = sourcecode.swift; path = MyPlace.swift; sourceTree = "<group>"; };
		AAC1DD4B253B6039003D0E6B /* RestaurantMenuItemsResponse.swift */ = {isa = PBXFileReference; lastKnownFileType = sourcecode.swift; path = RestaurantMenuItemsResponse.swift; sourceTree = "<group>"; };
		AAC1DD4D253B6215003D0E6B /* ReportsResponse.swift */ = {isa = PBXFileReference; lastKnownFileType = sourcecode.swift; path = ReportsResponse.swift; sourceTree = "<group>"; };
		AAC1DD4F253B6713003D0E6B /* Product.swift */ = {isa = PBXFileReference; lastKnownFileType = sourcecode.swift; path = Product.swift; sourceTree = "<group>"; };
		AAE10261252CE7A40094AC55 /* OrdersVC.swift */ = {isa = PBXFileReference; lastKnownFileType = sourcecode.swift; path = OrdersVC.swift; sourceTree = "<group>"; };
		AAE10264252CE8010094AC55 /* OrdersTableViewCell.swift */ = {isa = PBXFileReference; lastKnownFileType = sourcecode.swift; path = OrdersTableViewCell.swift; sourceTree = "<group>"; };
		AAE10265252CE8010094AC55 /* OrdersTableViewCell.xib */ = {isa = PBXFileReference; lastKnownFileType = file.xib; path = OrdersTableViewCell.xib; sourceTree = "<group>"; };
		AAE10268252CEB890094AC55 /* OrdersVC+TableViewDelegate.swift */ = {isa = PBXFileReference; lastKnownFileType = sourcecode.swift; path = "OrdersVC+TableViewDelegate.swift"; sourceTree = "<group>"; };
		AAE1026C252D06370094AC55 /* OrdersItemsTableViewCell.swift */ = {isa = PBXFileReference; lastKnownFileType = sourcecode.swift; path = OrdersItemsTableViewCell.swift; sourceTree = "<group>"; };
		AAE1026D252D06370094AC55 /* OrdersItemsTableViewCell.xib */ = {isa = PBXFileReference; lastKnownFileType = file.xib; path = OrdersItemsTableViewCell.xib; sourceTree = "<group>"; };
		CA381A6AC4874979C6EF5029 /* Pods-TheBest-iOS-Restaurant.debug.xcconfig */ = {isa = PBXFileReference; includeInIndex = 1; lastKnownFileType = text.xcconfig; name = "Pods-TheBest-iOS-Restaurant.debug.xcconfig"; path = "Target Support Files/Pods-TheBest-iOS-Restaurant/Pods-TheBest-iOS-Restaurant.debug.xcconfig"; sourceTree = "<group>"; };
		F127DE397EB0E80CF91B6406 /* Pods-TheBest-iOS-Restaurant.release.xcconfig */ = {isa = PBXFileReference; includeInIndex = 1; lastKnownFileType = text.xcconfig; name = "Pods-TheBest-iOS-Restaurant.release.xcconfig"; path = "Target Support Files/Pods-TheBest-iOS-Restaurant/Pods-TheBest-iOS-Restaurant.release.xcconfig"; sourceTree = "<group>"; };
/* End PBXFileReference section */

/* Begin PBXFrameworksBuildPhase section */
		AA3D296825277F240083FD54 /* Frameworks */ = {
			isa = PBXFrameworksBuildPhase;
			buildActionMask = 2147483647;
			files = (
				EBD534F567DD7047A66545D5 /* Pods_TheBest_iOS_Restaurant.framework in Frameworks */,
			);
			runOnlyForDeploymentPostprocessing = 0;
		};
/* End PBXFrameworksBuildPhase section */

/* Begin PBXGroup section */
		58EDF96A140A7B3D437A8743 /* Frameworks */ = {
			isa = PBXGroup;
			children = (
				4C226ADF93A91387172A80A7 /* Pods_TheBest_iOS_Restaurant.framework */,
			);
			name = Frameworks;
			sourceTree = "<group>";
		};
		AA3D296225277F240083FD54 = {
			isa = PBXGroup;
			children = (
				AA3D296D25277F240083FD54 /* TheBest-iOS-Restaurant */,
				AA3D296C25277F240083FD54 /* Products */,
				E7099EAF52093F7360DA2C42 /* Pods */,
				58EDF96A140A7B3D437A8743 /* Frameworks */,
			);
			sourceTree = "<group>";
		};
		AA3D296C25277F240083FD54 /* Products */ = {
			isa = PBXGroup;
			children = (
				AA3D296B25277F240083FD54 /* TheBest-iOS-Restaurant.app */,
			);
			name = Products;
			sourceTree = "<group>";
		};
		AA3D296D25277F240083FD54 /* TheBest-iOS-Restaurant */ = {
			isa = PBXGroup;
			children = (
				AA3D298525277FE30083FD54 /* Configurations */,
				AA3D298625277FFF0083FD54 /* Storyboards */,
				AA3D29AD252782F70083FD54 /* Scenes */,
				AA3D2993252780670083FD54 /* UI-Helpers */,
				AA3D29A82527809C0083FD54 /* Utilities */,
			);
			path = "TheBest-iOS-Restaurant";
			sourceTree = "<group>";
		};
		AA3D298525277FE30083FD54 /* Configurations */ = {
			isa = PBXGroup;
			children = (
				AA3D296E25277F240083FD54 /* AppDelegate.swift */,
				AA3D297025277F240083FD54 /* SceneDelegate.swift */,
				AA3D29AA252782540083FD54 /* GoogleService-Info.plist */,
				AA3D297A25277F250083FD54 /* Assets.xcassets */,
				AA3D297F25277F250083FD54 /* Info.plist */,
			);
			path = Configurations;
			sourceTree = "<group>";
		};
		AA3D298625277FFF0083FD54 /* Storyboards */ = {
			isa = PBXGroup;
			children = (
				AA3D297C25277F250083FD54 /* LaunchScreen.storyboard */,
				AA3D297425277F240083FD54 /* Main.storyboard */,
				AABC77BE252B40E700F1B896 /* Drawer.storyboard */,
			);
			path = Storyboards;
			sourceTree = "<group>";
		};
		AA3D2993252780670083FD54 /* UI-Helpers */ = {
			isa = PBXGroup;
			children = (
				AA3D29882527805C0083FD54 /* Alert.swift */,
				AA3D298A2527805D0083FD54 /* CustomViews.swift */,
				AA3D29872527805B0083FD54 /* Drawer.swift */,
				AABC77BA252B3B2B00F1B896 /* TextFields.swift */,
				AA3D298C2527805E0083FD54 /* Gradient.swift */,
				AA3D29892527805D0083FD54 /* Images.swift */,
				AA3D298B2527805E0083FD54 /* SetupPicker.swift */,
			);
			path = "UI-Helpers";
			sourceTree = "<group>";
		};
		AA3D29A82527809C0083FD54 /* Utilities */ = {
			isa = PBXGroup;
			children = (
				AABC77BC252B3B4B00F1B896 /* Router.swift */,
				AA3D297725277F240083FD54 /* TheBest_iOS_Restaurant.xcdatamodeld */,
				AA3D29A9252780AF0083FD54 /* Fonts */,
				AAC1DD2C253B3EE1003D0E6B /* APIs.swift */,
				AAC1DD35253B4EF9003D0E6B /* SharedData.swift */,
			);
			path = Utilities;
			sourceTree = "<group>";
		};
		AA3D29A9252780AF0083FD54 /* Fonts */ = {
			isa = PBXGroup;
			children = (
				AA3D2997252780910083FD54 /* Lato-Black.ttf */,
				AA3D2995252780900083FD54 /* Lato-BlackItalic.ttf */,
				AA3D299A252780930083FD54 /* Lato-Bold.ttf */,
				AA3D2998252780920083FD54 /* Lato-BoldItalic.ttf */,
				AA3D299D252780950083FD54 /* Lato-Italic.ttf */,
				AA3D2999252780920083FD54 /* Lato-Light.ttf */,
				AA3D299B252780940083FD54 /* Lato-LightItalic.ttf */,
				AA3D2996252780910083FD54 /* Lato-Regular.ttf */,
				AA3D299C252780940083FD54 /* Lato-Thin.ttf */,
				AA3D2994252780900083FD54 /* Lato-ThinItalic.ttf */,
			);
			path = Fonts;
			sourceTree = "<group>";
		};
		AA3D29AD252782F70083FD54 /* Scenes */ = {
			isa = PBXGroup;
			children = (
				AABC77B1252B361300F1B896 /* DrawerVC.swift */,
				AAE10252252CDDF20094AC55 /* Login+Registeration */,
				AAE10258252CDE430094AC55 /* Home */,
				AAE1025F252CE7910094AC55 /* Orders */,
				AAC1DD42253B5D4D003D0E6B /* Main */,
			);
			path = Scenes;
			sourceTree = "<group>";
		};
		AA607150253F654600ABFA1B /* Categories */ = {
			isa = PBXGroup;
			children = (
				AAB14A9B253F5E9800B562F9 /* CategoriesVC.swift */,
				AA607151253F656300ABFA1B /* CategoriesVC+UITableViewDelegate.swift */,
				AA4515C8253F692D00414B3F /* CategoriesVC+MainViewDelegate.swift */,
			);
			path = Categories;
			sourceTree = "<group>";
		};
		AA607153253F663900ABFA1B /* XIBs */ = {
			isa = PBXGroup;
			children = (
				AA607158253F669600ABFA1B /* Item */,
			);
			path = XIBs;
			sourceTree = "<group>";
		};
		AA607158253F669600ABFA1B /* Item */ = {
			isa = PBXGroup;
			children = (
				AA607154253F669000ABFA1B /* ItemTableViewCell.swift */,
				AA607155253F669000ABFA1B /* ItemTableViewCell.xib */,
			);
			path = Item;
			sourceTree = "<group>";
		};
		AAB14A9A253F5E6800B562F9 /* View */ = {
			isa = PBXGroup;
			children = (
				AA607150253F654600ABFA1B /* Categories */,
			);
			path = View;
			sourceTree = "<group>";
		};
		AAB14A9D253F5EE200B562F9 /* Presenter */ = {
			isa = PBXGroup;
			children = (
				AAB14A9E253F5EF800B562F9 /* MainPresenter.swift */,
			);
			path = Presenter;
			sourceTree = "<group>";
		};
		AAC1DD30253B42E8003D0E6B /* Interactor */ = {
			isa = PBXGroup;
			children = (
				AAC1DD31253B42F4003D0E6B /* AuthServices.swift */,
			);
			path = Interactor;
			sourceTree = "<group>";
		};
		AAC1DD39253B556D003D0E6B /* Interactor */ = {
			isa = PBXGroup;
			children = (
				AAC1DD3A253B558A003D0E6B /* OrdersServices.swift */,
			);
			path = Interactor;
			sourceTree = "<group>";
		};
		AAC1DD3C253B56D2003D0E6B /* Model */ = {
			isa = PBXGroup;
			children = (
				AAC1DD3D253B56FF003D0E6B /* OldOrders.swift */,
			);
			path = Model;
			sourceTree = "<group>";
		};
		AAC1DD3F253B592C003D0E6B /* Presenter */ = {
			isa = PBXGroup;
			children = (
				AAC1DD40253B594C003D0E6B /* OrdersPresenter.swift */,
			);
			path = Presenter;
			sourceTree = "<group>";
		};
		AAC1DD42253B5D4D003D0E6B /* Main */ = {
			isa = PBXGroup;
			children = (
				AAC1DD44253B5DA4003D0E6B /* APIServices.swift */,
				AAC1DD46253B5DD1003D0E6B /* Model */,
				AAB14A9A253F5E6800B562F9 /* View */,
				AAB14A9D253F5EE200B562F9 /* Presenter */,
				AA607153253F663900ABFA1B /* XIBs */,
			);
			path = Main;
			sourceTree = "<group>";
		};
		AAC1DD46253B5DD1003D0E6B /* Model */ = {
			isa = PBXGroup;
			children = (
				AAC1DD47253B5DE5003D0E6B /* MyMenusResponse.swift */,
				AAC1DD49253B5EFE003D0E6B /* MyPlace.swift */,
				AAC1DD4B253B6039003D0E6B /* RestaurantMenuItemsResponse.swift */,
				AAC1DD4D253B6215003D0E6B /* ReportsResponse.swift */,
				AAC1DD4F253B6713003D0E6B /* Product.swift */,
			);
			path = Model;
			sourceTree = "<group>";
		};
		AAE10252252CDDF20094AC55 /* Login+Registeration */ = {
			isa = PBXGroup;
			children = (
				AAC1DD30253B42E8003D0E6B /* Interactor */,
				AAE1025A252CDE5C0094AC55 /* XIBs */,
				AAE10257252CDE340094AC55 /* Model */,
				AAE10255252CDE1F0094AC55 /* Login */,
				AAE10253252CDE000094AC55 /* SignUp */,
				AAC1DD37253B521C003D0E6B /* AuthPresenter.swift */,
			);
			path = "Login+Registeration";
			sourceTree = "<group>";
		};
		AAE10253252CDE000094AC55 /* SignUp */ = {
			isa = PBXGroup;
			children = (
				AAE10254252CDE090094AC55 /* View */,
			);
			path = SignUp;
			sourceTree = "<group>";
		};
		AAE10254252CDE090094AC55 /* View */ = {
			isa = PBXGroup;
			children = (
				AABC77B2252B361400F1B896 /* SignUpVC.swift */,
			);
			path = View;
			sourceTree = "<group>";
		};
		AAE10255252CDE1F0094AC55 /* Login */ = {
			isa = PBXGroup;
			children = (
				AAE10256252CDE270094AC55 /* View */,
			);
			path = Login;
			sourceTree = "<group>";
		};
		AAE10256252CDE270094AC55 /* View */ = {
			isa = PBXGroup;
			children = (
				AABC77B0252B361300F1B896 /* LoginVC.swift */,
			);
			path = View;
			sourceTree = "<group>";
		};
		AAE10257252CDE340094AC55 /* Model */ = {
			isa = PBXGroup;
			children = (
				AABC77AC252B35FF00F1B896 /* Option.swift */,
				AAC1DD2E253B4206003D0E6B /* LoginResponse.swift */,
				AAC1DD33253B4E48003D0E6B /* RestaurantsInfo.swift */,
			);
			path = Model;
			sourceTree = "<group>";
		};
		AAE10258252CDE430094AC55 /* Home */ = {
			isa = PBXGroup;
			children = (
				AAE10259252CDE480094AC55 /* View */,
			);
			path = Home;
			sourceTree = "<group>";
		};
		AAE10259252CDE480094AC55 /* View */ = {
			isa = PBXGroup;
			children = (
				AABC77B8252B362300F1B896 /* HomeVC.swift */,
			);
			path = View;
			sourceTree = "<group>";
		};
		AAE1025A252CDE5C0094AC55 /* XIBs */ = {
			isa = PBXGroup;
			children = (
				AABC77AE252B361300F1B896 /* ChooseCollectionViewCell.swift */,
				AABC77AF252B361300F1B896 /* ChooseCollectionViewCell.xib */,
			);
			path = XIBs;
			sourceTree = "<group>";
		};
		AAE1025F252CE7910094AC55 /* Orders */ = {
			isa = PBXGroup;
			children = (
				AAC1DD3F253B592C003D0E6B /* Presenter */,
				AAC1DD3C253B56D2003D0E6B /* Model */,
				AAC1DD39253B556D003D0E6B /* Interactor */,
				AAE10263252CE7F30094AC55 /* XIBs */,
				AAE10260252CE7980094AC55 /* View */,
			);
			path = Orders;
			sourceTree = "<group>";
		};
		AAE10260252CE7980094AC55 /* View */ = {
			isa = PBXGroup;
			children = (
				AAE10261252CE7A40094AC55 /* OrdersVC.swift */,
				AAE10268252CEB890094AC55 /* OrdersVC+TableViewDelegate.swift */,
			);
			path = View;
			sourceTree = "<group>";
		};
		AAE10263252CE7F30094AC55 /* XIBs */ = {
			isa = PBXGroup;
			children = (
				AAE1026B252D05C90094AC55 /* Items */,
				AAE1026A252D05A00094AC55 /* Orders */,
			);
			path = XIBs;
			sourceTree = "<group>";
		};
		AAE1026A252D05A00094AC55 /* Orders */ = {
			isa = PBXGroup;
			children = (
				AAE10264252CE8010094AC55 /* OrdersTableViewCell.swift */,
				AAE10265252CE8010094AC55 /* OrdersTableViewCell.xib */,
			);
			path = Orders;
			sourceTree = "<group>";
		};
		AAE1026B252D05C90094AC55 /* Items */ = {
			isa = PBXGroup;
			children = (
				AAE1026C252D06370094AC55 /* OrdersItemsTableViewCell.swift */,
				AAE1026D252D06370094AC55 /* OrdersItemsTableViewCell.xib */,
			);
			path = Items;
			sourceTree = "<group>";
		};
		E7099EAF52093F7360DA2C42 /* Pods */ = {
			isa = PBXGroup;
			children = (
				CA381A6AC4874979C6EF5029 /* Pods-TheBest-iOS-Restaurant.debug.xcconfig */,
				F127DE397EB0E80CF91B6406 /* Pods-TheBest-iOS-Restaurant.release.xcconfig */,
			);
			path = Pods;
			sourceTree = "<group>";
		};
/* End PBXGroup section */

/* Begin PBXNativeTarget section */
		AA3D296A25277F240083FD54 /* TheBest-iOS-Restaurant */ = {
			isa = PBXNativeTarget;
			buildConfigurationList = AA3D298225277F250083FD54 /* Build configuration list for PBXNativeTarget "TheBest-iOS-Restaurant" */;
			buildPhases = (
				DFCFDC0B02E5FE126F5B12B1 /* [CP] Check Pods Manifest.lock */,
				AA3D296725277F240083FD54 /* Sources */,
				AA3D296825277F240083FD54 /* Frameworks */,
				AA3D296925277F240083FD54 /* Resources */,
				C66635066544FDF15E08E994 /* [CP] Embed Pods Frameworks */,
				60C13B96CFE6841689BB060D /* [CP] Copy Pods Resources */,
			);
			buildRules = (
			);
			dependencies = (
			);
			name = "TheBest-iOS-Restaurant";
			productName = "TheBest-iOS-Restaurant";
			productReference = AA3D296B25277F240083FD54 /* TheBest-iOS-Restaurant.app */;
			productType = "com.apple.product-type.application";
		};
/* End PBXNativeTarget section */

/* Begin PBXProject section */
		AA3D296325277F240083FD54 /* Project object */ = {
			isa = PBXProject;
			attributes = {
				LastSwiftUpdateCheck = 1130;
				LastUpgradeCheck = 1130;
				ORGANIZATIONNAME = "Sherif Darwish";
				TargetAttributes = {
					AA3D296A25277F240083FD54 = {
						CreatedOnToolsVersion = 11.3.1;
					};
				};
			};
			buildConfigurationList = AA3D296625277F240083FD54 /* Build configuration list for PBXProject "TheBest-iOS-Restaurant" */;
			compatibilityVersion = "Xcode 9.3";
			developmentRegion = en;
			hasScannedForEncodings = 0;
			knownRegions = (
				en,
				Base,
			);
			mainGroup = AA3D296225277F240083FD54;
			productRefGroup = AA3D296C25277F240083FD54 /* Products */;
			projectDirPath = "";
			projectRoot = "";
			targets = (
				AA3D296A25277F240083FD54 /* TheBest-iOS-Restaurant */,
			);
		};
/* End PBXProject section */

/* Begin PBXResourcesBuildPhase section */
		AA3D296925277F240083FD54 /* Resources */ = {
			isa = PBXResourcesBuildPhase;
			buildActionMask = 2147483647;
			files = (
				AA3D29A5252780950083FD54 /* Lato-LightItalic.ttf in Resources */,
				AABC77B4252B361400F1B896 /* ChooseCollectionViewCell.xib in Resources */,
				AA3D29A6252780950083FD54 /* Lato-Thin.ttf in Resources */,
				AA3D29A7252780950083FD54 /* Lato-Italic.ttf in Resources */,
				AA3D29A1252780950083FD54 /* Lato-Black.ttf in Resources */,
				AA3D29A4252780950083FD54 /* Lato-Bold.ttf in Resources */,
				AA607157253F669000ABFA1B /* ItemTableViewCell.xib in Resources */,
				AA3D297E25277F250083FD54 /* LaunchScreen.storyboard in Resources */,
				AA3D29A0252780950083FD54 /* Lato-Regular.ttf in Resources */,
				AAE10267252CE8010094AC55 /* OrdersTableViewCell.xib in Resources */,
				AAE1026F252D06370094AC55 /* OrdersItemsTableViewCell.xib in Resources */,
				AA3D29A3252780950083FD54 /* Lato-Light.ttf in Resources */,
				AA3D29A2252780950083FD54 /* Lato-BoldItalic.ttf in Resources */,
				AA3D29AB252782540083FD54 /* GoogleService-Info.plist in Resources */,
				AA3D299E252780950083FD54 /* Lato-ThinItalic.ttf in Resources */,
				AA3D299F252780950083FD54 /* Lato-BlackItalic.ttf in Resources */,
				AABC77BF252B40E700F1B896 /* Drawer.storyboard in Resources */,
				AA3D297B25277F250083FD54 /* Assets.xcassets in Resources */,
				AA3D297625277F240083FD54 /* Main.storyboard in Resources */,
			);
			runOnlyForDeploymentPostprocessing = 0;
		};
/* End PBXResourcesBuildPhase section */

/* Begin PBXShellScriptBuildPhase section */
		60C13B96CFE6841689BB060D /* [CP] Copy Pods Resources */ = {
			isa = PBXShellScriptBuildPhase;
			buildActionMask = 2147483647;
			files = (
			);
			inputFileListPaths = (
				"${PODS_ROOT}/Target Support Files/Pods-TheBest-iOS-Restaurant/Pods-TheBest-iOS-Restaurant-resources-${CONFIGURATION}-input-files.xcfilelist",
			);
			name = "[CP] Copy Pods Resources";
			outputFileListPaths = (
				"${PODS_ROOT}/Target Support Files/Pods-TheBest-iOS-Restaurant/Pods-TheBest-iOS-Restaurant-resources-${CONFIGURATION}-output-files.xcfilelist",
			);
			runOnlyForDeploymentPostprocessing = 0;
			shellPath = /bin/sh;
			shellScript = "\"${PODS_ROOT}/Target Support Files/Pods-TheBest-iOS-Restaurant/Pods-TheBest-iOS-Restaurant-resources.sh\"\n";
			showEnvVarsInLog = 0;
		};
		C66635066544FDF15E08E994 /* [CP] Embed Pods Frameworks */ = {
			isa = PBXShellScriptBuildPhase;
			buildActionMask = 2147483647;
			files = (
			);
			inputFileListPaths = (
				"${PODS_ROOT}/Target Support Files/Pods-TheBest-iOS-Restaurant/Pods-TheBest-iOS-Restaurant-frameworks-${CONFIGURATION}-input-files.xcfilelist",
			);
			name = "[CP] Embed Pods Frameworks";
			outputFileListPaths = (
				"${PODS_ROOT}/Target Support Files/Pods-TheBest-iOS-Restaurant/Pods-TheBest-iOS-Restaurant-frameworks-${CONFIGURATION}-output-files.xcfilelist",
			);
			runOnlyForDeploymentPostprocessing = 0;
			shellPath = /bin/sh;
			shellScript = "\"${PODS_ROOT}/Target Support Files/Pods-TheBest-iOS-Restaurant/Pods-TheBest-iOS-Restaurant-frameworks.sh\"\n";
			showEnvVarsInLog = 0;
		};
		DFCFDC0B02E5FE126F5B12B1 /* [CP] Check Pods Manifest.lock */ = {
			isa = PBXShellScriptBuildPhase;
			buildActionMask = 2147483647;
			files = (
			);
			inputFileListPaths = (
			);
			inputPaths = (
				"${PODS_PODFILE_DIR_PATH}/Podfile.lock",
				"${PODS_ROOT}/Manifest.lock",
			);
			name = "[CP] Check Pods Manifest.lock";
			outputFileListPaths = (
			);
			outputPaths = (
				"$(DERIVED_FILE_DIR)/Pods-TheBest-iOS-Restaurant-checkManifestLockResult.txt",
			);
			runOnlyForDeploymentPostprocessing = 0;
			shellPath = /bin/sh;
			shellScript = "diff \"${PODS_PODFILE_DIR_PATH}/Podfile.lock\" \"${PODS_ROOT}/Manifest.lock\" > /dev/null\nif [ $? != 0 ] ; then\n    # print error to STDERR\n    echo \"error: The sandbox is not in sync with the Podfile.lock. Run 'pod install' or update your CocoaPods installation.\" >&2\n    exit 1\nfi\n# This output is used by Xcode 'outputs' to avoid re-running this script phase.\necho \"SUCCESS\" > \"${SCRIPT_OUTPUT_FILE_0}\"\n";
			showEnvVarsInLog = 0;
		};
/* End PBXShellScriptBuildPhase section */

/* Begin PBXSourcesBuildPhase section */
		AA3D296725277F240083FD54 /* Sources */ = {
			isa = PBXSourcesBuildPhase;
			buildActionMask = 2147483647;
			files = (
				AAC1DD32253B42F4003D0E6B /* AuthServices.swift in Sources */,
				AABC77B7252B361400F1B896 /* SignUpVC.swift in Sources */,
				AAC1DD48253B5DE5003D0E6B /* MyMenusResponse.swift in Sources */,
				AAE1026E252D06370094AC55 /* OrdersItemsTableViewCell.swift in Sources */,
				AA3D298F2527805F0083FD54 /* Images.swift in Sources */,
				AA3D298E2527805F0083FD54 /* Alert.swift in Sources */,
				AABC77B5252B361400F1B896 /* LoginVC.swift in Sources */,
				AABC77AD252B35FF00F1B896 /* Option.swift in Sources */,
				AAC1DD41253B594C003D0E6B /* OrdersPresenter.swift in Sources */,
				AA3D298D2527805F0083FD54 /* Drawer.swift in Sources */,
				AAC1DD4E253B6215003D0E6B /* ReportsResponse.swift in Sources */,
				AAC1DD4C253B6039003D0E6B /* RestaurantMenuItemsResponse.swift in Sources */,
				AA607156253F669000ABFA1B /* ItemTableViewCell.swift in Sources */,
				AAC1DD38253B521C003D0E6B /* AuthPresenter.swift in Sources */,
				AAC1DD45253B5DA4003D0E6B /* APIServices.swift in Sources */,
				AABC77B9252B362300F1B896 /* HomeVC.swift in Sources */,
				AABC77BB252B3B2B00F1B896 /* TextFields.swift in Sources */,
				AABC77B6252B361400F1B896 /* DrawerVC.swift in Sources */,
				AAC1DD34253B4E48003D0E6B /* RestaurantsInfo.swift in Sources */,
				AAB14A9F253F5EF800B562F9 /* MainPresenter.swift in Sources */,
				AAE10269252CEB890094AC55 /* OrdersVC+TableViewDelegate.swift in Sources */,
				AA3D297925277F240083FD54 /* TheBest_iOS_Restaurant.xcdatamodeld in Sources */,
				AABC77BD252B3B4B00F1B896 /* Router.swift in Sources */,
				AAC1DD2F253B4206003D0E6B /* LoginResponse.swift in Sources */,
				AA3D29922527805F0083FD54 /* Gradient.swift in Sources */,
				AAC1DD36253B4EF9003D0E6B /* SharedData.swift in Sources */,
				AAC1DD3B253B558A003D0E6B /* OrdersServices.swift in Sources */,
				AAB14A9C253F5E9800B562F9 /* CategoriesVC.swift in Sources */,
				AA3D29902527805F0083FD54 /* CustomViews.swift in Sources */,
				AAC1DD50253B6713003D0E6B /* Product.swift in Sources */,
				AAC1DD4A253B5EFF003D0E6B /* MyPlace.swift in Sources */,
				AA3D296F25277F240083FD54 /* AppDelegate.swift in Sources */,
				AABC77B3252B361400F1B896 /* ChooseCollectionViewCell.swift in Sources */,
				AA3D29912527805F0083FD54 /* SetupPicker.swift in Sources */,
				AA4515C9253F692D00414B3F /* CategoriesVC+MainViewDelegate.swift in Sources */,
				AAC1DD2D253B3EE1003D0E6B /* APIs.swift in Sources */,
				AAC1DD3E253B56FF003D0E6B /* OldOrders.swift in Sources */,
				AA3D297125277F240083FD54 /* SceneDelegate.swift in Sources */,
				AA607152253F656300ABFA1B /* CategoriesVC+UITableViewDelegate.swift in Sources */,
				AAE10266252CE8010094AC55 /* OrdersTableViewCell.swift in Sources */,
				AAE10262252CE7A40094AC55 /* OrdersVC.swift in Sources */,
			);
			runOnlyForDeploymentPostprocessing = 0;
		};
/* End PBXSourcesBuildPhase section */

/* Begin PBXVariantGroup section */
		AA3D297425277F240083FD54 /* Main.storyboard */ = {
			isa = PBXVariantGroup;
			children = (
				AA3D297525277F240083FD54 /* Base */,
			);
			name = Main.storyboard;
			sourceTree = "<group>";
		};
		AA3D297C25277F250083FD54 /* LaunchScreen.storyboard */ = {
			isa = PBXVariantGroup;
			children = (
				AA3D297D25277F250083FD54 /* Base */,
			);
			name = LaunchScreen.storyboard;
			sourceTree = "<group>";
		};
/* End PBXVariantGroup section */

/* Begin XCBuildConfiguration section */
		AA3D298025277F250083FD54 /* Debug */ = {
			isa = XCBuildConfiguration;
			buildSettings = {
				ALWAYS_SEARCH_USER_PATHS = NO;
				CLANG_ANALYZER_NONNULL = YES;
				CLANG_ANALYZER_NUMBER_OBJECT_CONVERSION = YES_AGGRESSIVE;
				CLANG_CXX_LANGUAGE_STANDARD = "gnu++14";
				CLANG_CXX_LIBRARY = "libc++";
				CLANG_ENABLE_MODULES = YES;
				CLANG_ENABLE_OBJC_ARC = YES;
				CLANG_ENABLE_OBJC_WEAK = YES;
				CLANG_WARN_BLOCK_CAPTURE_AUTORELEASING = YES;
				CLANG_WARN_BOOL_CONVERSION = YES;
				CLANG_WARN_COMMA = YES;
				CLANG_WARN_CONSTANT_CONVERSION = YES;
				CLANG_WARN_DEPRECATED_OBJC_IMPLEMENTATIONS = YES;
				CLANG_WARN_DIRECT_OBJC_ISA_USAGE = YES_ERROR;
				CLANG_WARN_DOCUMENTATION_COMMENTS = YES;
				CLANG_WARN_EMPTY_BODY = YES;
				CLANG_WARN_ENUM_CONVERSION = YES;
				CLANG_WARN_INFINITE_RECURSION = YES;
				CLANG_WARN_INT_CONVERSION = YES;
				CLANG_WARN_NON_LITERAL_NULL_CONVERSION = YES;
				CLANG_WARN_OBJC_IMPLICIT_RETAIN_SELF = YES;
				CLANG_WARN_OBJC_LITERAL_CONVERSION = YES;
				CLANG_WARN_OBJC_ROOT_CLASS = YES_ERROR;
				CLANG_WARN_RANGE_LOOP_ANALYSIS = YES;
				CLANG_WARN_STRICT_PROTOTYPES = YES;
				CLANG_WARN_SUSPICIOUS_MOVE = YES;
				CLANG_WARN_UNGUARDED_AVAILABILITY = YES_AGGRESSIVE;
				CLANG_WARN_UNREACHABLE_CODE = YES;
				CLANG_WARN__DUPLICATE_METHOD_MATCH = YES;
				COPY_PHASE_STRIP = NO;
				DEBUG_INFORMATION_FORMAT = dwarf;
				ENABLE_STRICT_OBJC_MSGSEND = YES;
				ENABLE_TESTABILITY = YES;
				GCC_C_LANGUAGE_STANDARD = gnu11;
				GCC_DYNAMIC_NO_PIC = NO;
				GCC_NO_COMMON_BLOCKS = YES;
				GCC_OPTIMIZATION_LEVEL = 0;
				GCC_PREPROCESSOR_DEFINITIONS = (
					"DEBUG=1",
					"$(inherited)",
				);
				GCC_WARN_64_TO_32_BIT_CONVERSION = YES;
				GCC_WARN_ABOUT_RETURN_TYPE = YES_ERROR;
				GCC_WARN_UNDECLARED_SELECTOR = YES;
				GCC_WARN_UNINITIALIZED_AUTOS = YES_AGGRESSIVE;
				GCC_WARN_UNUSED_FUNCTION = YES;
				GCC_WARN_UNUSED_VARIABLE = YES;
				IPHONEOS_DEPLOYMENT_TARGET = 13.2;
				MTL_ENABLE_DEBUG_INFO = INCLUDE_SOURCE;
				MTL_FAST_MATH = YES;
				ONLY_ACTIVE_ARCH = YES;
				SDKROOT = iphoneos;
				SWIFT_ACTIVE_COMPILATION_CONDITIONS = DEBUG;
				SWIFT_OPTIMIZATION_LEVEL = "-Onone";
			};
			name = Debug;
		};
		AA3D298125277F250083FD54 /* Release */ = {
			isa = XCBuildConfiguration;
			buildSettings = {
				ALWAYS_SEARCH_USER_PATHS = NO;
				CLANG_ANALYZER_NONNULL = YES;
				CLANG_ANALYZER_NUMBER_OBJECT_CONVERSION = YES_AGGRESSIVE;
				CLANG_CXX_LANGUAGE_STANDARD = "gnu++14";
				CLANG_CXX_LIBRARY = "libc++";
				CLANG_ENABLE_MODULES = YES;
				CLANG_ENABLE_OBJC_ARC = YES;
				CLANG_ENABLE_OBJC_WEAK = YES;
				CLANG_WARN_BLOCK_CAPTURE_AUTORELEASING = YES;
				CLANG_WARN_BOOL_CONVERSION = YES;
				CLANG_WARN_COMMA = YES;
				CLANG_WARN_CONSTANT_CONVERSION = YES;
				CLANG_WARN_DEPRECATED_OBJC_IMPLEMENTATIONS = YES;
				CLANG_WARN_DIRECT_OBJC_ISA_USAGE = YES_ERROR;
				CLANG_WARN_DOCUMENTATION_COMMENTS = YES;
				CLANG_WARN_EMPTY_BODY = YES;
				CLANG_WARN_ENUM_CONVERSION = YES;
				CLANG_WARN_INFINITE_RECURSION = YES;
				CLANG_WARN_INT_CONVERSION = YES;
				CLANG_WARN_NON_LITERAL_NULL_CONVERSION = YES;
				CLANG_WARN_OBJC_IMPLICIT_RETAIN_SELF = YES;
				CLANG_WARN_OBJC_LITERAL_CONVERSION = YES;
				CLANG_WARN_OBJC_ROOT_CLASS = YES_ERROR;
				CLANG_WARN_RANGE_LOOP_ANALYSIS = YES;
				CLANG_WARN_STRICT_PROTOTYPES = YES;
				CLANG_WARN_SUSPICIOUS_MOVE = YES;
				CLANG_WARN_UNGUARDED_AVAILABILITY = YES_AGGRESSIVE;
				CLANG_WARN_UNREACHABLE_CODE = YES;
				CLANG_WARN__DUPLICATE_METHOD_MATCH = YES;
				COPY_PHASE_STRIP = NO;
				DEBUG_INFORMATION_FORMAT = "dwarf-with-dsym";
				ENABLE_NS_ASSERTIONS = NO;
				ENABLE_STRICT_OBJC_MSGSEND = YES;
				GCC_C_LANGUAGE_STANDARD = gnu11;
				GCC_NO_COMMON_BLOCKS = YES;
				GCC_WARN_64_TO_32_BIT_CONVERSION = YES;
				GCC_WARN_ABOUT_RETURN_TYPE = YES_ERROR;
				GCC_WARN_UNDECLARED_SELECTOR = YES;
				GCC_WARN_UNINITIALIZED_AUTOS = YES_AGGRESSIVE;
				GCC_WARN_UNUSED_FUNCTION = YES;
				GCC_WARN_UNUSED_VARIABLE = YES;
				IPHONEOS_DEPLOYMENT_TARGET = 13.2;
				MTL_ENABLE_DEBUG_INFO = NO;
				MTL_FAST_MATH = YES;
				SDKROOT = iphoneos;
				SWIFT_COMPILATION_MODE = wholemodule;
				SWIFT_OPTIMIZATION_LEVEL = "-O";
				VALIDATE_PRODUCT = YES;
			};
			name = Release;
		};
		AA3D298325277F250083FD54 /* Debug */ = {
			isa = XCBuildConfiguration;
			baseConfigurationReference = CA381A6AC4874979C6EF5029 /* Pods-TheBest-iOS-Restaurant.debug.xcconfig */;
			buildSettings = {
				ASSETCATALOG_COMPILER_APPICON_NAME = AppIcon;
				CODE_SIGN_STYLE = Automatic;
				DEVELOPMENT_TEAM = P675879D6G;
				INFOPLIST_FILE = "TheBest-iOS-Restaurant/Configurations/Info.plist";
				IPHONEOS_DEPLOYMENT_TARGET = 12.4;
				LD_RUNPATH_SEARCH_PATHS = (
					"$(inherited)",
					"@executable_path/Frameworks",
				);
				PRODUCT_BUNDLE_IDENTIFIER = "com.thebest.TheBest-iOS-Restaurant";
				PRODUCT_NAME = "$(TARGET_NAME)";
				SWIFT_VERSION = 5.0;
				TARGETED_DEVICE_FAMILY = 1;
			};
			name = Debug;
		};
		AA3D298425277F250083FD54 /* Release */ = {
			isa = XCBuildConfiguration;
			baseConfigurationReference = F127DE397EB0E80CF91B6406 /* Pods-TheBest-iOS-Restaurant.release.xcconfig */;
			buildSettings = {
				ASSETCATALOG_COMPILER_APPICON_NAME = AppIcon;
				CODE_SIGN_STYLE = Automatic;
				DEVELOPMENT_TEAM = P675879D6G;
				INFOPLIST_FILE = "TheBest-iOS-Restaurant/Configurations/Info.plist";
				IPHONEOS_DEPLOYMENT_TARGET = 12.4;
				LD_RUNPATH_SEARCH_PATHS = (
					"$(inherited)",
					"@executable_path/Frameworks",
				);
				PRODUCT_BUNDLE_IDENTIFIER = "com.thebest.TheBest-iOS-Restaurant";
				PRODUCT_NAME = "$(TARGET_NAME)";
				SWIFT_VERSION = 5.0;
				TARGETED_DEVICE_FAMILY = 1;
			};
			name = Release;
		};
/* End XCBuildConfiguration section */

/* Begin XCConfigurationList section */
		AA3D296625277F240083FD54 /* Build configuration list for PBXProject "TheBest-iOS-Restaurant" */ = {
			isa = XCConfigurationList;
			buildConfigurations = (
				AA3D298025277F250083FD54 /* Debug */,
				AA3D298125277F250083FD54 /* Release */,
			);
			defaultConfigurationIsVisible = 0;
			defaultConfigurationName = Release;
		};
		AA3D298225277F250083FD54 /* Build configuration list for PBXNativeTarget "TheBest-iOS-Restaurant" */ = {
			isa = XCConfigurationList;
			buildConfigurations = (
				AA3D298325277F250083FD54 /* Debug */,
				AA3D298425277F250083FD54 /* Release */,
			);
			defaultConfigurationIsVisible = 0;
			defaultConfigurationName = Release;
		};
/* End XCConfigurationList section */

/* Begin XCVersionGroup section */
		AA3D297725277F240083FD54 /* TheBest_iOS_Restaurant.xcdatamodeld */ = {
			isa = XCVersionGroup;
			children = (
				AA3D297825277F240083FD54 /* TheBest_iOS_Restaurant.xcdatamodel */,
			);
			currentVersion = AA3D297825277F240083FD54 /* TheBest_iOS_Restaurant.xcdatamodel */;
			path = TheBest_iOS_Restaurant.xcdatamodeld;
			sourceTree = "<group>";
			versionGroupType = wrapper.xcdatamodel;
		};
/* End XCVersionGroup section */
	};
	rootObject = AA3D296325277F240083FD54 /* Project object */;
}
